// !$*UTF8*$!
{
	archiveVersion = 1;
	classes = {
	};
	objectVersion = 46;
	objects = {

/* Begin PBXBuildFile section */
		1B095AD51C1ABE8500124FD5 /* AppDelegate.swift in Sources */ = {isa = PBXBuildFile; fileRef = 1B095AD41C1ABE8500124FD5 /* AppDelegate.swift */; };
		1B095AD71C1ABE8500124FD5 /* ViewController.swift in Sources */ = {isa = PBXBuildFile; fileRef = 1B095AD61C1ABE8500124FD5 /* ViewController.swift */; };
		1B095ADA1C1ABE8500124FD5 /* Main.storyboard in Resources */ = {isa = PBXBuildFile; fileRef = 1B095AD81C1ABE8500124FD5 /* Main.storyboard */; };
		1B095ADC1C1ABE8500124FD5 /* Assets.xcassets in Resources */ = {isa = PBXBuildFile; fileRef = 1B095ADB1C1ABE8500124FD5 /* Assets.xcassets */; };
		1B095ADF1C1ABE8500124FD5 /* LaunchScreen.storyboard in Resources */ = {isa = PBXBuildFile; fileRef = 1B095ADD1C1ABE8500124FD5 /* LaunchScreen.storyboard */; };
		1B095AEA1C1ABE8500124FD5 /* MyFirstDemoTests.swift in Sources */ = {isa = PBXBuildFile; fileRef = 1B095AE91C1ABE8500124FD5 /* MyFirstDemoTests.swift */; };
		1B095AF51C1ABE8500124FD5 /* MyFirstDemoUITests.swift in Sources */ = {isa = PBXBuildFile; fileRef = 1B095AF41C1ABE8500124FD5 /* MyFirstDemoUITests.swift */; };
/* End PBXBuildFile section */

/* Begin PBXContainerItemProxy section */
		1B095AE61C1ABE8500124FD5 /* PBXContainerItemProxy */ = {
			isa = PBXContainerItemProxy;
			containerPortal = 1B095AC91C1ABE8500124FD5 /* Project object */;
			proxyType = 1;
			remoteGlobalIDString = 1B095AD01C1ABE8500124FD5;
			remoteInfo = MyFirstDemo;
		};
		1B095AF11C1ABE8500124FD5 /* PBXContainerItemProxy */ = {
			isa = PBXContainerItemProxy;
			containerPortal = 1B095AC91C1ABE8500124FD5 /* Project object */;
			proxyType = 1;
			remoteGlobalIDString = 1B095AD01C1ABE8500124FD5;
			remoteInfo = MyFirstDemo;
		};
/* End PBXContainerItemProxy section */

/* Begin PBXFileReference section */
		1B095AD11C1ABE8500124FD5 /* MyFirstDemo.app */ = {isa = PBXFileReference; explicitFileType = wrapper.application; includeInIndex = 0; path = MyFirstDemo.app; sourceTree = BUILT_PRODUCTS_DIR; };
		1B095AD41C1ABE8500124FD5 /* AppDelegate.swift */ = {isa = PBXFileReference; lastKnownFileType = sourcecode.swift; path = AppDelegate.swift; sourceTree = "<group>"; };
		1B095AD61C1ABE8500124FD5 /* ViewController.swift */ = {isa = PBXFileReference; lastKnownFileType = sourcecode.swift; path = ViewController.swift; sourceTree = "<group>"; };
		1B095AD91C1ABE8500124FD5 /* Base */ = {isa = PBXFileReference; lastKnownFileType = file.storyboard; name = Base; path = Base.lproj/Main.storyboard; sourceTree = "<group>"; };
		1B095ADB1C1ABE8500124FD5 /* Assets.xcassets */ = {isa = PBXFileReference; lastKnownFileType = folder.assetcatalog; path = Assets.xcassets; sourceTree = "<group>"; };
		1B095ADE1C1ABE8500124FD5 /* Base */ = {isa = PBXFileReference; lastKnownFileType = file.storyboard; name = Base; path = Base.lproj/LaunchScreen.storyboard; sourceTree = "<group>"; };
		1B095AE01C1ABE8500124FD5 /* Info.plist */ = {isa = PBXFileReference; lastKnownFileType = text.plist.xml; path = Info.plist; sourceTree = "<group>"; };
		1B095AE51C1ABE8500124FD5 /* MyFirstDemoTests.xctest */ = {isa = PBXFileReference; explicitFileType = wrapper.cfbundle; includeInIndex = 0; path = MyFirstDemoTests.xctest; sourceTree = BUILT_PRODUCTS_DIR; };
		1B095AE91C1ABE8500124FD5 /* MyFirstDemoTests.swift */ = {isa = PBXFileReference; lastKnownFileType = sourcecode.swift; path = MyFirstDemoTests.swift; sourceTree = "<group>"; };
		1B095AEB1C1ABE8500124FD5 /* Info.plist */ = {isa = PBXFileReference; lastKnownFileType = text.plist.xml; path = Info.plist; sourceTree = "<group>"; };
		1B095AF01C1ABE8500124FD5 /* MyFirstDemoUITests.xctest */ = {isa = PBXFileReference; explicitFileType = wrapper.cfbundle; includeInIndex = 0; path = MyFirstDemoUITests.xctest; sourceTree = BUILT_PRODUCTS_DIR; };
		1B095AF41C1ABE8500124FD5 /* MyFirstDemoUITests.swift */ = {isa = PBXFileReference; lastKnownFileType = sourcecode.swift; path = MyFirstDemoUITests.swift; sourceTree = "<group>"; };
		1B095AF61C1ABE8500124FD5 /* Info.plist */ = {isa = PBXFileReference; lastKnownFileType = text.plist.xml; path = Info.plist; sourceTree = "<group>"; };
/* End PBXFileReference section */

/* Begin PBXFrameworksBuildPhase section */
		1B095ACE1C1ABE8500124FD5 /* Frameworks */ = {
			isa = PBXFrameworksBuildPhase;
			buildActionMask = 2147483647;
			files = (
			);
			runOnlyForDeploymentPostprocessing = 0;
		};
		1B095AE21C1ABE8500124FD5 /* Frameworks */ = {
			isa = PBXFrameworksBuildPhase;
			buildActionMask = 2147483647;
			files = (
			);
			runOnlyForDeploymentPostprocessing = 0;
		};
		1B095AED1C1ABE8500124FD5 /* Frameworks */ = {
			isa = PBXFrameworksBuildPhase;
			buildActionMask = 2147483647;
			files = (
			);
			runOnlyForDeploymentPostprocessing = 0;
		};
/* End PBXFrameworksBuildPhase section */

/* Begin PBXGroup section */
		1B095AC81C1ABE8500124FD5 = {
			isa = PBXGroup;
			children = (
				1B095AD31C1ABE8500124FD5 /* MyFirstDemo */,
				1B095AE81C1ABE8500124FD5 /* MyFirstDemoTests */,
				1B095AF31C1ABE8500124FD5 /* MyFirstDemoUITests */,
				1B095AD21C1ABE8500124FD5 /* Products */,
			);
			sourceTree = "<group>";
		};
		1B095AD21C1ABE8500124FD5 /* Products */ = {
			isa = PBXGroup;
			children = (
				1B095AD11C1ABE8500124FD5 /* MyFirstDemo.app */,
				1B095AE51C1ABE8500124FD5 /* MyFirstDemoTests.xctest */,
				1B095AF01C1ABE8500124FD5 /* MyFirstDemoUITests.xctest */,
			);
			name = Products;
			sourceTree = "<group>";
		};
		1B095AD31C1ABE8500124FD5 /* MyFirstDemo */ = {
			isa = PBXGroup;
			children = (
				1B095AD41C1ABE8500124FD5 /* AppDelegate.swift */,
				1B095AD61C1ABE8500124FD5 /* ViewController.swift */,
				1B095AD81C1ABE8500124FD5 /* Main.storyboard */,
				1B095ADB1C1ABE8500124FD5 /* Assets.xcassets */,
				1B095ADD1C1ABE8500124FD5 /* LaunchScreen.storyboard */,
				1B095AE01C1ABE8500124FD5 /* Info.plist */,
			);
			path = MyFirstDemo;
			sourceTree = "<group>";
		};
		1B095AE81C1ABE8500124FD5 /* MyFirstDemoTests */ = {
			isa = PBXGroup;
			children = (
				1B095AE91C1ABE8500124FD5 /* MyFirstDemoTests.swift */,
				1B095AEB1C1ABE8500124FD5 /* Info.plist */,
			);
			path = MyFirstDemoTests;
			sourceTree = "<group>";
		};
		1B095AF31C1ABE8500124FD5 /* MyFirstDemoUITests */ = {
			isa = PBXGroup;
			children = (
				1B095AF41C1ABE8500124FD5 /* MyFirstDemoUITests.swift */,
				1B095AF61C1ABE8500124FD5 /* Info.plist */,
			);
			path = MyFirstDemoUITests;
			sourceTree = "<group>";
		};
/* End PBXGroup section */

/* Begin PBXNativeTarget section */
		1B095AD01C1ABE8500124FD5 /* MyFirstDemo */ = {
			isa = PBXNativeTarget;
			buildConfigurationList = 1B095AF91C1ABE8500124FD5 /* Build configuration list for PBXNativeTarget "MyFirstDemo" */;
			buildPhases = (
				1B095ACD1C1ABE8500124FD5 /* Sources */,
				1B095ACE1C1ABE8500124FD5 /* Frameworks */,
				1B095ACF1C1ABE8500124FD5 /* Resources */,
			);
			buildRules = (
			);
			dependencies = (
			);
			name = MyFirstDemo;
			productName = MyFirstDemo;
			productReference = 1B095AD11C1ABE8500124FD5 /* MyFirstDemo.app */;
			productType = "com.apple.product-type.application";
		};
		1B095AE41C1ABE8500124FD5 /* MyFirstDemoTests */ = {
			isa = PBXNativeTarget;
			buildConfigurationList = 1B095AFC1C1ABE8500124FD5 /* Build configuration list for PBXNativeTarget "MyFirstDemoTests" */;
			buildPhases = (
				1B095AE11C1ABE8500124FD5 /* Sources */,
				1B095AE21C1ABE8500124FD5 /* Frameworks */,
				1B095AE31C1ABE8500124FD5 /* Resources */,
			);
			buildRules = (
			);
			dependencies = (
				1B095AE71C1ABE8500124FD5 /* PBXTargetDependency */,
			);
			name = MyFirstDemoTests;
			productName = MyFirstDemoTests;
			productReference = 1B095AE51C1ABE8500124FD5 /* MyFirstDemoTests.xctest */;
			productType = "com.apple.product-type.bundle.unit-test";
		};
		1B095AEF1C1ABE8500124FD5 /* MyFirstDemoUITests */ = {
			isa = PBXNativeTarget;
			buildConfigurationList = 1B095AFF1C1ABE8500124FD5 /* Build configuration list for PBXNativeTarget "MyFirstDemoUITests" */;
			buildPhases = (
				1B095AEC1C1ABE8500124FD5 /* Sources */,
				1B095AED1C1ABE8500124FD5 /* Frameworks */,
				1B095AEE1C1ABE8500124FD5 /* Resources */,
			);
			buildRules = (
			);
			dependencies = (
				1B095AF21C1ABE8500124FD5 /* PBXTargetDependency */,
			);
			name = MyFirstDemoUITests;
			productName = MyFirstDemoUITests;
			productReference = 1B095AF01C1ABE8500124FD5 /* MyFirstDemoUITests.xctest */;
			productType = "com.apple.product-type.bundle.ui-testing";
		};
/* End PBXNativeTarget section */

/* Begin PBXProject section */
		1B095AC91C1ABE8500124FD5 /* Project object */ = {
			isa = PBXProject;
			attributes = {
				LastSwiftUpdateCheck = 0720;
				LastUpgradeCheck = 0720;
				ORGANIZATIONNAME = woofgl;
				TargetAttributes = {
					1B095AD01C1ABE8500124FD5 = {
						CreatedOnToolsVersion = 7.2;
						DevelopmentTeam = RETZFNS2PN;
					};
					1B095AE41C1ABE8500124FD5 = {
						CreatedOnToolsVersion = 7.2;
						DevelopmentTeam = RETZFNS2PN;
						TestTargetID = 1B095AD01C1ABE8500124FD5;
					};
					1B095AEF1C1ABE8500124FD5 = {
						CreatedOnToolsVersion = 7.2;
						DevelopmentTeam = RETZFNS2PN;
						TestTargetID = 1B095AD01C1ABE8500124FD5;
					};
				};
			};
			buildConfigurationList = 1B095ACC1C1ABE8500124FD5 /* Build configuration list for PBXProject "MyFirstDemo" */;
			compatibilityVersion = "Xcode 3.2";
			developmentRegion = English;
			hasScannedForEncodings = 0;
			knownRegions = (
				en,
				Base,
			);
			mainGroup = 1B095AC81C1ABE8500124FD5;
			productRefGroup = 1B095AD21C1ABE8500124FD5 /* Products */;
			projectDirPath = "";
			projectRoot = "";
			targets = (
				1B095AD01C1ABE8500124FD5 /* MyFirstDemo */,
				1B095AE41C1ABE8500124FD5 /* MyFirstDemoTests */,
				1B095AEF1C1ABE8500124FD5 /* MyFirstDemoUITests */,
			);
		};
/* End PBXProject section */

/* Begin PBXResourcesBuildPhase section */
		1B095ACF1C1ABE8500124FD5 /* Resources */ = {
			isa = PBXResourcesBuildPhase;
			buildActionMask = 2147483647;
			files = (
				1B095ADF1C1ABE8500124FD5 /* LaunchScreen.storyboard in Resources */,
				1B095ADC1C1ABE8500124FD5 /* Assets.xcassets in Resources */,
				1B095ADA1C1ABE8500124FD5 /* Main.storyboard in Resources */,
			);
			runOnlyForDeploymentPostprocessing = 0;
		};
		1B095AE31C1ABE8500124FD5 /* Resources */ = {
			isa = PBXResourcesBuildPhase;
			buildActionMask = 2147483647;
			files = (
			);
			runOnlyForDeploymentPostprocessing = 0;
		};
		1B095AEE1C1ABE8500124FD5 /* Resources */ = {
			isa = PBXResourcesBuildPhase;
			buildActionMask = 2147483647;
			files = (
			);
			runOnlyForDeploymentPostprocessing = 0;
		};
/* End PBXResourcesBuildPhase section */

/* Begin PBXSourcesBuildPhase section */
		1B095ACD1C1ABE8500124FD5 /* Sources */ = {
			isa = PBXSourcesBuildPhase;
			buildActionMask = 2147483647;
			files = (
				1B095AD71C1ABE8500124FD5 /* ViewController.swift in Sources */,
				1B095AD51C1ABE8500124FD5 /* AppDelegate.swift in Sources */,
			);
			runOnlyForDeploymentPostprocessing = 0;
		};
		1B095AE11C1ABE8500124FD5 /* Sources */ = {
			isa = PBXSourcesBuildPhase;
			buildActionMask = 2147483647;
			files = (
				1B095AEA1C1ABE8500124FD5 /* MyFirstDemoTests.swift in Sources */,
			);
			runOnlyForDeploymentPostprocessing = 0;
		};
		1B095AEC1C1ABE8500124FD5 /* Sources */ = {
			isa = PBXSourcesBuildPhase;
			buildActionMask = 2147483647;
			files = (
				1B095AF51C1ABE8500124FD5 /* MyFirstDemoUITests.swift in Sources */,
			);
			runOnlyForDeploymentPostprocessing = 0;
		};
/* End PBXSourcesBuildPhase section */

/* Begin PBXTargetDependency section */
		1B095AE71C1ABE8500124FD5 /* PBXTargetDependency */ = {
			isa = PBXTargetDependency;
			target = 1B095AD01C1ABE8500124FD5 /* MyFirstDemo */;
			targetProxy = 1B095AE61C1ABE8500124FD5 /* PBXContainerItemProxy */;
		};
		1B095AF21C1ABE8500124FD5 /* PBXTargetDependency */ = {
			isa = PBXTargetDependency;
			target = 1B095AD01C1ABE8500124FD5 /* MyFirstDemo */;
			targetProxy = 1B095AF11C1ABE8500124FD5 /* PBXContainerItemProxy */;
		};
/* End PBXTargetDependency section */

/* Begin PBXVariantGroup section */
		1B095AD81C1ABE8500124FD5 /* Main.storyboard */ = {
			isa = PBXVariantGroup;
			children = (
				1B095AD91C1ABE8500124FD5 /* Base */,
			);
			name = Main.storyboard;
			sourceTree = "<group>";
		};
		1B095ADD1C1ABE8500124FD5 /* LaunchScreen.storyboard */ = {
			isa = PBXVariantGroup;
			children = (
				1B095ADE1C1ABE8500124FD5 /* Base */,
			);
			name = LaunchScreen.storyboard;
			sourceTree = "<group>";
		};
/* End PBXVariantGroup section */

/* Begin XCBuildConfiguration section */
		1B095AF71C1ABE8500124FD5 /* Debug */ = {
			isa = XCBuildConfiguration;
			buildSettings = {
				ALWAYS_SEARCH_USER_PATHS = NO;
				CLANG_CXX_LANGUAGE_STANDARD = "gnu++0x";
				CLANG_CXX_LIBRARY = "libc++";
				CLANG_ENABLE_MODULES = YES;
				CLANG_ENABLE_OBJC_ARC = YES;
				CLANG_WARN_BOOL_CONVERSION = YES;
				CLANG_WARN_CONSTANT_CONVERSION = YES;
				CLANG_WARN_DIRECT_OBJC_ISA_USAGE = YES_ERROR;
				CLANG_WARN_EMPTY_BODY = YES;
				CLANG_WARN_ENUM_CONVERSION = YES;
				CLANG_WARN_INT_CONVERSION = YES;
				CLANG_WARN_OBJC_ROOT_CLASS = YES_ERROR;
				CLANG_WARN_UNREACHABLE_CODE = YES;
				CLANG_WARN__DUPLICATE_METHOD_MATCH = YES;
				"CODE_SIGN_IDENTITY[sdk=iphoneos*]" = "iPhone Developer";
				COPY_PHASE_STRIP = NO;
				DEBUG_INFORMATION_FORMAT = dwarf;
				ENABLE_STRICT_OBJC_MSGSEND = YES;
				ENABLE_TESTABILITY = YES;
				GCC_C_LANGUAGE_STANDARD = gnu99;
				GCC_DYNAMIC_NO_PIC = NO;
				GCC_NO_COMMON_BLOCKS = YES;
				GCC_OPTIMIZATION_LEVEL = 0;
				GCC_PREPROCESSOR_DEFINITIONS = (
					"DEBUG=1",
					"$(inherited)",
				);
				GCC_WARN_64_TO_32_BIT_CONVERSION = YES;
				GCC_WARN_ABOUT_RETURN_TYPE = YES_ERROR;
				GCC_WARN_UNDECLARED_SELECTOR = YES;
				GCC_WARN_UNINITIALIZED_AUTOS = YES_AGGRESSIVE;
				GCC_WARN_UNUSED_FUNCTION = YES;
				GCC_WARN_UNUSED_VARIABLE = YES;
				IPHONEOS_DEPLOYMENT_TARGET = 9.2;
				MTL_ENABLE_DEBUG_INFO = YES;
				ONLY_ACTIVE_ARCH = YES;
				SDKROOT = iphoneos;
				SWIFT_OPTIMIZATION_LEVEL = "-Onone";
				TARGETED_DEVICE_FAMILY = "1,2";
			};
			name = Debug;
		};
		1B095AF81C1ABE8500124FD5 /* Release */ = {
			isa = XCBuildConfiguration;
			buildSettings = {
				ALWAYS_SEARCH_USER_PATHS = NO;
				CLANG_CXX_LANGUAGE_STANDARD = "gnu++0x";
				CLANG_CXX_LIBRARY = "libc++";
				CLANG_ENABLE_MODULES = YES;
				CLANG_ENABLE_OBJC_ARC = YES;
				CLANG_WARN_BOOL_CONVERSION = YES;
				CLANG_WARN_CONSTANT_CONVERSION = YES;
				CLANG_WARN_DIRECT_OBJC_ISA_USAGE = YES_ERROR;
				CLANG_WARN_EMPTY_BODY = YES;
				CLANG_WARN_ENUM_CONVERSION = YES;
				CLANG_WARN_INT_CONVERSION = YES;
				CLANG_WARN_OBJC_ROOT_CLASS = YES_ERROR;
				CLANG_WARN_UNREACHABLE_CODE = YES;
				CLANG_WARN__DUPLICATE_METHOD_MATCH = YES;
				"CODE_SIGN_IDENTITY[sdk=iphoneos*]" = "iPhone Developer";
				COPY_PHASE_STRIP = NO;
				DEBUG_INFORMATION_FORMAT = "dwarf-with-dsym";
				ENABLE_NS_ASSERTIONS = NO;
				ENABLE_STRICT_OBJC_MSGSEND = YES;
				GCC_C_LANGUAGE_STANDARD = gnu99;
				GCC_NO_COMMON_BLOCKS = YES;
				GCC_WARN_64_TO_32_BIT_CONVERSION = YES;
				GCC_WARN_ABOUT_RETURN_TYPE = YES_ERROR;
				GCC_WARN_UNDECLARED_SELECTOR = YES;
				GCC_WARN_UNINITIALIZED_AUTOS = YES_AGGRESSIVE;
				GCC_WARN_UNUSED_FUNCTION = YES;
				GCC_WARN_UNUSED_VARIABLE = YES;
				IPHONEOS_DEPLOYMENT_TARGET = 9.2;
				MTL_ENABLE_DEBUG_INFO = NO;
				SDKROOT = iphoneos;
				TARGETED_DEVICE_FAMILY = "1,2";
				VALIDATE_PRODUCT = YES;
			};
			name = Release;
		};
		1B095AFA1C1ABE8500124FD5 /* Debug */ = {
			isa = XCBuildConfiguration;
			buildSettings = {
				ASSETCATALOG_COMPILER_APPICON_NAME = AppIcon;
				INFOPLIST_FILE = MyFirstDemo/Info.plist;
				LD_RUNPATH_SEARCH_PATHS = "$(inherited) @executable_path/Frameworks";
				PRODUCT_BUNDLE_IDENTIFIER = com.britesnow.MyFirstDemo;
				PRODUCT_NAME = "$(TARGET_NAME)";
			};
			name = Debug;
		};
		1B095AFB1C1ABE8500124FD5 /* Release */ = {
			isa = XCBuildConfiguration;
			buildSettings = {
				ASSETCATALOG_COMPILER_APPICON_NAME = AppIcon;
				INFOPLIST_FILE = MyFirstDemo/Info.plist;
				LD_RUNPATH_SEARCH_PATHS = "$(inherited) @executable_path/Frameworks";
				PRODUCT_BUNDLE_IDENTIFIER = com.britesnow.MyFirstDemo;
				PRODUCT_NAME = "$(TARGET_NAME)";
			};
			name = Release;
		};
		1B095AFD1C1ABE8500124FD5 /* Debug */ = {
			isa = XCBuildConfiguration;
			buildSettings = {
				BUNDLE_LOADER = "$(TEST_HOST)";
				INFOPLIST_FILE = MyFirstDemoTests/Info.plist;
				LD_RUNPATH_SEARCH_PATHS = "$(inherited) @executable_path/Frameworks @loader_path/Frameworks";
				PRODUCT_BUNDLE_IDENTIFIER = com.britesnow.MyFirstDemoTests;
				PRODUCT_NAME = "$(TARGET_NAME)";
				TEST_HOST = "$(BUILT_PRODUCTS_DIR)/MyFirstDemo.app/MyFirstDemo";
			};
			name = Debug;
		};
		1B095AFE1C1ABE8500124FD5 /* Release */ = {
			isa = XCBuildConfiguration;
			buildSettings = {
				BUNDLE_LOADER = "$(TEST_HOST)";
				INFOPLIST_FILE = MyFirstDemoTests/Info.plist;
				LD_RUNPATH_SEARCH_PATHS = "$(inherited) @executable_path/Frameworks @loader_path/Frameworks";
				PRODUCT_BUNDLE_IDENTIFIER = com.britesnow.MyFirstDemoTests;
				PRODUCT_NAME = "$(TARGET_NAME)";
				TEST_HOST = "$(BUILT_PRODUCTS_DIR)/MyFirstDemo.app/MyFirstDemo";
			};
			name = Release;
		};
		1B095B001C1ABE8500124FD5 /* Debug */ = {
			isa = XCBuildConfiguration;
			buildSettings = {
				INFOPLIST_FILE = MyFirstDemoUITests/Info.plist;
				LD_RUNPATH_SEARCH_PATHS = "$(inherited) @executable_path/Frameworks @loader_path/Frameworks";
				PRODUCT_BUNDLE_IDENTIFIER = com.britesnow.MyFirstDemoUITests;
				PRODUCT_NAME = "$(TARGET_NAME)";
				TEST_TARGET_NAME = MyFirstDemo;
				USES_XCTRUNNER = YES;
			};
			name = Debug;
		};
		1B095B011C1ABE8500124FD5 /* Release */ = {
			isa = XCBuildConfiguration;
			buildSettings = {
				INFOPLIST_FILE = MyFirstDemoUITests/Info.plist;
				LD_RUNPATH_SEARCH_PATHS = "$(inherited) @executable_path/Frameworks @loader_path/Frameworks";
				PRODUCT_BUNDLE_IDENTIFIER = com.britesnow.MyFirstDemoUITests;
				PRODUCT_NAME = "$(TARGET_NAME)";
				TEST_TARGET_NAME = MyFirstDemo;
				USES_XCTRUNNER = YES;
			};
			name = Release;
		};
/* End XCBuildConfiguration section */

/* Begin XCConfigurationList section */
		1B095ACC1C1ABE8500124FD5 /* Build configuration list for PBXProject "MyFirstDemo" */ = {
			isa = XCConfigurationList;
			buildConfigurations = (
				1B095AF71C1ABE8500124FD5 /* Debug */,
				1B095AF81C1ABE8500124FD5 /* Release */,
			);
			defaultConfigurationIsVisible = 0;
			defaultConfigurationName = Release;
		};
		1B095AF91C1ABE8500124FD5 /* Build configuration list for PBXNativeTarget "MyFirstDemo" */ = {
			isa = XCConfigurationList;
			buildConfigurations = (
				1B095AFA1C1ABE8500124FD5 /* Debug */,
				1B095AFB1C1ABE8500124FD5 /* Release */,
			);
			defaultConfigurationIsVisible = 0;
		};
		1B095AFC1C1ABE8500124FD5 /* Build configuration list for PBXNativeTarget "MyFirstDemoTests" */ = {
			isa = XCConfigurationList;
			buildConfigurations = (
				1B095AFD1C1ABE8500124FD5 /* Debug */,
				1B095AFE1C1ABE8500124FD5 /* Release */,
			);
			defaultConfigurationIsVisible = 0;
		};
		1B095AFF1C1ABE8500124FD5 /* Build configuration list for PBXNativeTarget "MyFirstDemoUITests" */ = {
			isa = XCConfigurationList;
			buildConfigurations = (
				1B095B001C1ABE8500124FD5 /* Debug */,
				1B095B011C1ABE8500124FD5 /* Release */,
			);
			defaultConfigurationIsVisible = 0;
		};
/* End XCConfigurationList section */
	};
	rootObject = 1B095AC91C1ABE8500124FD5 /* Project object */;
}
